<?xml version="1.0" encoding="utf-8"?>
<Project ToolsVersion="4.0" xmlns="http://schemas.microsoft.com/developer/msbuild/2003">
  <ItemGroup>
    <Filter Include="ソース ファイル">
      <UniqueIdentifier>{4FC737F1-C7A5-4376-A066-2A32D752A2FF}</UniqueIdentifier>
      <Extensions>cpp;c;cc;cxx;def;odl;idl;hpj;bat;asm;asmx</Extensions>
    </Filter>
    <Filter Include="ヘッダー ファイル">
      <UniqueIdentifier>{93995380-89BD-4b04-88EB-625FBE52EBFB}</UniqueIdentifier>
      <Extensions>h;hh;hpp;hxx;hm;inl;inc;xsd</Extensions>
    </Filter>
    <Filter Include="リソース ファイル">
      <UniqueIdentifier>{67DA6AB6-F800-4c08-8B7A-83BB121AAD01}</UniqueIdentifier>
      <Extensions>rc;ico;cur;bmp;dlg;rc2;rct;bin;rgs;gif;jpg;jpeg;jpe;resx;tiff;tif;png;wav;mfcribbon-ms</Extensions>
    </Filter>
    <Filter Include="ソース ファイル\Map">
      <UniqueIdentifier>{9f303c51-fcc3-4864-99e8-e84adfe0c377}</UniqueIdentifier>
    </Filter>
    <Filter Include="ソース ファイル\scene">
      <UniqueIdentifier>{be987a8b-c367-4b8e-8aa3-16a84005c3d4}</UniqueIdentifier>
    </Filter>
    <Filter Include="ソース ファイル\Player">
      <UniqueIdentifier>{de0b1208-8401-4c18-a875-c92dd5c61047}</UniqueIdentifier>
    </Filter>
    <Filter Include="ソース ファイル\Enemy">
      <UniqueIdentifier>{ca88e02f-6f9c-432a-b8d7-017b6f1a816b}</UniqueIdentifier>
    </Filter>
    <Filter Include="ソース ファイル\HUD">
      <UniqueIdentifier>{a4b1c45f-4f84-4492-b60b-494356e05a84}</UniqueIdentifier>
    </Filter>
    <Filter Include="ソース ファイル\Camera">
      <UniqueIdentifier>{a86cc07a-5bc0-4318-8407-259ec305f2fd}</UniqueIdentifier>
    </Filter>
    <Filter Include="ソース ファイル\Sound">
      <UniqueIdentifier>{7c102ef6-e95f-4e5d-a301-656102d97d40}</UniqueIdentifier>
    </Filter>
    <Filter Include="ソース ファイル\Fade">
      <UniqueIdentifier>{be730973-e379-4e61-af11-736069a8c124}</UniqueIdentifier>
    </Filter>
    <Filter Include="ソース ファイル\mass">
      <UniqueIdentifier>{744be983-6b64-4397-b0f5-b808879651e5}</UniqueIdentifier>
    </Filter>
    <Filter Include="ソース ファイル\Map\Sky">
      <UniqueIdentifier>{da42494e-e18c-4379-beb1-3cb45871610b}</UniqueIdentifier>
    </Filter>
    <Filter Include="ソース ファイル\Map\MapChip">
      <UniqueIdentifier>{4d9b8975-6672-4312-a545-f9f97ad09b3f}</UniqueIdentifier>
    </Filter>
    <Filter Include="ソース ファイル\myEngine">
      <UniqueIdentifier>{cf71c2d7-86a3-4324-b23c-562f3630fba6}</UniqueIdentifier>
    </Filter>
    <Filter Include="ソース ファイル\myEngine\Graphics">
      <UniqueIdentifier>{06578e99-1462-452d-9e13-0656e1071d84}</UniqueIdentifier>
    </Filter>
    <Filter Include="ソース ファイル\myEngine\Physics">
      <UniqueIdentifier>{24b08cc4-989a-4ce6-8812-a1108fd4dd90}</UniqueIdentifier>
    </Filter>
    <Filter Include="ソース ファイル\myEngine\HID">
      <UniqueIdentifier>{eb51f13c-4c51-4798-b6cc-97f71ded64a4}</UniqueIdentifier>
    </Filter>
    <Filter Include="ソース ファイル\Map\Sea">
      <UniqueIdentifier>{5b92a977-feca-4cf2-a7a6-f788b7c0fc01}</UniqueIdentifier>
    </Filter>
  </ItemGroup>
  <ItemGroup>
    <ClCompile Include="main.cpp">
      <Filter>ソース ファイル</Filter>
    </ClCompile>
    <ClCompile Include="stdafx.cpp">
      <Filter>ソース ファイル</Filter>
    </ClCompile>
    <ClCompile Include="myEngine\Graphics\SkinModelData.cpp">
      <Filter>ソース ファイル\myEngine\Graphics</Filter>
    </ClCompile>
    <ClCompile Include="myEngine\Graphics\Animation.cpp">
      <Filter>ソース ファイル\myEngine\Graphics</Filter>
    </ClCompile>
    <ClCompile Include="myEngine\Graphics\Camera.cpp">
      <Filter>ソース ファイル\myEngine\Graphics</Filter>
    </ClCompile>
    <ClCompile Include="myEngine\Graphics\EffectManager.cpp">
      <Filter>ソース ファイル\myEngine\Graphics</Filter>
    </ClCompile>
    <ClCompile Include="myEngine\Graphics\SkinModel.cpp">
      <Filter>ソース ファイル\myEngine\Graphics</Filter>
    </ClCompile>
    <ClCompile Include="myEngine\Physics\RigidBody.cpp">
      <Filter>ソース ファイル\myEngine\Physics</Filter>
    </ClCompile>
    <ClCompile Include="myEngine\Physics\CapsuleCollider.cpp">
      <Filter>ソース ファイル\myEngine\Physics</Filter>
    </ClCompile>
    <ClCompile Include="myEngine\Physics\CharacterController.cpp">
      <Filter>ソース ファイル\myEngine\Physics</Filter>
    </ClCompile>
    <ClCompile Include="myEngine\Physics\MeshCollider.cpp">
      <Filter>ソース ファイル\myEngine\Physics</Filter>
    </ClCompile>
    <ClCompile Include="myEngine\Physics\Physics.cpp">
      <Filter>ソース ファイル\myEngine\Physics</Filter>
    </ClCompile>
    <ClCompile Include="myEngine\System.cpp">
      <Filter>ソース ファイル\myEngine</Filter>
    </ClCompile>
    <ClCompile Include="myEngine\HID\Pad.cpp">
      <Filter>ソース ファイル\myEngine\HID</Filter>
    </ClCompile>
    <ClCompile Include="Map.cpp">
      <Filter>ソース ファイル\Map</Filter>
    </ClCompile>
    <ClCompile Include="myEngine\Graphics\Sprite.cpp">
      <Filter>ソース ファイル\myEngine\Graphics</Filter>
    </ClCompile>
    <ClCompile Include="Scene.cpp">
      <Filter>ソース ファイル\scene</Filter>
    </ClCompile>
    <ClCompile Include="TitleScene.cpp">
      <Filter>ソース ファイル\scene</Filter>
    </ClCompile>
    <ClCompile Include="Player.cpp">
      <Filter>ソース ファイル\Player</Filter>
    </ClCompile>
    <ClCompile Include="Enemy.cpp">
      <Filter>ソース ファイル\Enemy</Filter>
    </ClCompile>
    <ClCompile Include="Bullet.cpp">
      <Filter>ソース ファイル\Enemy</Filter>
    </ClCompile>
    <ClCompile Include="HUD.cpp">
      <Filter>ソース ファイル\HUD</Filter>
    </ClCompile>
    <ClCompile Include="gameCamera.cpp">
      <Filter>ソース ファイル\Camera</Filter>
    </ClCompile>
    <ClCompile Include="RenderTarget.cpp">
      <Filter>ソース ファイル\myEngine\Graphics</Filter>
    </ClCompile>
    <ClCompile Include="Sound.cpp">
      <Filter>ソース ファイル\Sound</Filter>
    </ClCompile>
    <ClCompile Include="WaveFile.cpp">
      <Filter>ソース ファイル\Sound</Filter>
    </ClCompile>
    <ClCompile Include="game.cpp">
      <Filter>ソース ファイル\scene</Filter>
    </ClCompile>
    <ClCompile Include="ResultScene.cpp">
      <Filter>ソース ファイル\scene</Filter>
    </ClCompile>
    <ClCompile Include="Fade.cpp">
      <Filter>ソース ファイル\Fade</Filter>
    </ClCompile>
    <ClCompile Include="CubeCollision.cpp">
      <Filter>ソース ファイル\mass</Filter>
    </ClCompile>
    <ClCompile Include="Sky.cpp">
      <Filter>ソース ファイル\Map\Sky</Filter>
    </ClCompile>
    <ClCompile Include="FallObject.cpp">
      <Filter>ソース ファイル\Map\MapChip</Filter>
    </ClCompile>
    <ClCompile Include="GoalObject.cpp">
      <Filter>ソース ファイル\Map\MapChip</Filter>
    </ClCompile>
    <ClCompile Include="MapChip.cpp">
      <Filter>ソース ファイル\Map\MapChip</Filter>
    </ClCompile>
    <ClCompile Include="MoveCube.cpp">
      <Filter>ソース ファイル\Map\MapChip</Filter>
    </ClCompile>
    <ClCompile Include="MoveObject.cpp">
      <Filter>ソース ファイル\Map\MapChip</Filter>
    </ClCompile>
    <ClCompile Include="RotObject.cpp">
      <Filter>ソース ファイル\Map\MapChip</Filter>
    </ClCompile>
    <ClCompile Include="TrapObject.cpp">
      <Filter>ソース ファイル\Map\MapChip</Filter>
    </ClCompile>
    <ClCompile Include="HealItem.cpp">
      <Filter>ソース ファイル\Map\MapChip</Filter>
    </ClCompile>
    <ClCompile Include="MapObject.cpp">
      <Filter>ソース ファイル\Map</Filter>
    </ClCompile>
    <ClCompile Include="Spring.cpp">
      <Filter>ソース ファイル\Map\MapChip</Filter>
    </ClCompile>
    <ClCompile Include="GravityObject.cpp">
      <Filter>ソース ファイル\Map\MapChip</Filter>
    </ClCompile>
    <ClCompile Include="ShadowMap.cpp">
      <Filter>ソース ファイル</Filter>
    </ClCompile>
    <ClCompile Include="trackingEnemy.cpp">
      <Filter>ソース ファイル\Enemy</Filter>
    </ClCompile>
    <ClCompile Include="SoundEngine.cpp">
      <Filter>ソース ファイル\Sound</Filter>
    </ClCompile>
    <ClCompile Include="SpringCamera.cpp">
      <Filter>ソース ファイル\Camera</Filter>
    </ClCompile>
    <ClCompile Include="Sea.cpp">
      <Filter>ソース ファイル\Map\Sea</Filter>
    </ClCompile>
  </ItemGroup>
  <ItemGroup>
    <ClInclude Include="stdafx.h">
      <Filter>ソース ファイル</Filter>
    </ClInclude>
    <ClInclude Include="myEngine\Graphics\SkinModelData.h">
      <Filter>ソース ファイル\myEngine\Graphics</Filter>
    </ClInclude>
    <ClInclude Include="myEngine\Graphics\Animation.h">
      <Filter>ソース ファイル\myEngine\Graphics</Filter>
    </ClInclude>
    <ClInclude Include="myEngine\Graphics\Camera.h">
      <Filter>ソース ファイル\myEngine\Graphics</Filter>
    </ClInclude>
    <ClInclude Include="myEngine\Graphics\EffectManager.h">
      <Filter>ソース ファイル\myEngine\Graphics</Filter>
    </ClInclude>
    <ClInclude Include="myEngine\Graphics\Light.h">
      <Filter>ソース ファイル\myEngine\Graphics</Filter>
    </ClInclude>
    <ClInclude Include="myEngine\Graphics\SkinModel.h">
      <Filter>ソース ファイル\myEngine\Graphics</Filter>
    </ClInclude>
    <ClInclude Include="myEngine\Physics\Physics.h">
      <Filter>ソース ファイル\myEngine\Physics</Filter>
    </ClInclude>
    <ClInclude Include="myEngine\Physics\RigidBody.h">
      <Filter>ソース ファイル\myEngine\Physics</Filter>
    </ClInclude>
    <ClInclude Include="myEngine\Physics\CapsuleCollider.h">
      <Filter>ソース ファイル\myEngine\Physics</Filter>
    </ClInclude>
    <ClInclude Include="myEngine\Physics\CharacterController.h">
      <Filter>ソース ファイル\myEngine\Physics</Filter>
    </ClInclude>
    <ClInclude Include="myEngine\Physics\CollisionAttr.h">
      <Filter>ソース ファイル\myEngine\Physics</Filter>
    </ClInclude>
    <ClInclude Include="myEngine\Physics\ICollider.h">
      <Filter>ソース ファイル\myEngine\Physics</Filter>
    </ClInclude>
    <ClInclude Include="myEngine\Physics\MeshCollider.h">
      <Filter>ソース ファイル\myEngine\Physics</Filter>
    </ClInclude>
    <ClInclude Include="myEngine\system.h">
      <Filter>ソース ファイル\myEngine</Filter>
    </ClInclude>
    <ClInclude Include="myEngine\HID\Pad.h">
      <Filter>ソース ファイル\myEngine\HID</Filter>
    </ClInclude>
    <ClInclude Include="Map.h">
      <Filter>ソース ファイル\Map</Filter>
    </ClInclude>
    <ClInclude Include="myEngine\Graphics\Sprite.h">
      <Filter>ソース ファイル\myEngine\Graphics</Filter>
    </ClInclude>
    <ClInclude Include="resource.h">
      <Filter>ヘッダー ファイル</Filter>
    </ClInclude>
    <ClInclude Include="Scene.h">
      <Filter>ソース ファイル\scene</Filter>
    </ClInclude>
    <ClInclude Include="TitleScene.h">
      <Filter>ソース ファイル\scene</Filter>
    </ClInclude>
    <ClInclude Include="Player.h">
      <Filter>ソース ファイル\Player</Filter>
    </ClInclude>
    <ClInclude Include="Enemy.h">
      <Filter>ソース ファイル\Enemy</Filter>
    </ClInclude>
    <ClInclude Include="Bullet.h">
      <Filter>ソース ファイル\Enemy</Filter>
    </ClInclude>
    <ClInclude Include="HUD.h">
      <Filter>ソース ファイル\HUD</Filter>
    </ClInclude>
    <ClInclude Include="locationinfo.h">
      <Filter>ヘッダー ファイル</Filter>
    </ClInclude>
    <ClInclude Include="gameCamera.h">
      <Filter>ソース ファイル\Camera</Filter>
    </ClInclude>
    <ClInclude Include="RenderTarget.h">
      <Filter>ソース ファイル\myEngine\Graphics</Filter>
    </ClInclude>
    <ClInclude Include="Sound.h">
      <Filter>ソース ファイル\Sound</Filter>
    </ClInclude>
    <ClInclude Include="WaveFile.h">
      <Filter>ソース ファイル\Sound</Filter>
    </ClInclude>
    <ClInclude Include="game.h">
      <Filter>ソース ファイル\scene</Filter>
    </ClInclude>
    <ClInclude Include="ResultScene.h">
      <Filter>ソース ファイル\scene</Filter>
    </ClInclude>
    <ClInclude Include="Fade.h">
      <Filter>ソース ファイル\Fade</Filter>
    </ClInclude>
    <ClInclude Include="CubeCollision.h">
      <Filter>ソース ファイル\mass</Filter>
    </ClInclude>
    <ClInclude Include="Sky.h">
      <Filter>ソース ファイル\Map\Sky</Filter>
    </ClInclude>
    <ClInclude Include="FallObject.h">
      <Filter>ソース ファイル\Map\MapChip</Filter>
    </ClInclude>
    <ClInclude Include="GoalObject.h">
      <Filter>ソース ファイル\Map\MapChip</Filter>
    </ClInclude>
    <ClInclude Include="MapChip.h">
      <Filter>ソース ファイル\Map\MapChip</Filter>
    </ClInclude>
    <ClInclude Include="MoveCube.h">
      <Filter>ソース ファイル\Map\MapChip</Filter>
    </ClInclude>
    <ClInclude Include="MoveObject.h">
      <Filter>ソース ファイル\Map\MapChip</Filter>
    </ClInclude>
    <ClInclude Include="RotObject.h">
      <Filter>ソース ファイル\Map\MapChip</Filter>
    </ClInclude>
    <ClInclude Include="TrapObject.h">
      <Filter>ソース ファイル\Map\MapChip</Filter>
    </ClInclude>
    <ClInclude Include="HealItem.h">
      <Filter>ソース ファイル\Map\MapChip</Filter>
    </ClInclude>
    <ClInclude Include="MapObject.h">
      <Filter>ソース ファイル\Map</Filter>
    </ClInclude>
    <ClInclude Include="Spring.h">
      <Filter>ソース ファイル\Map\MapChip</Filter>
    </ClInclude>
    <ClInclude Include="GravityObject.h">
      <Filter>ソース ファイル\Map\MapChip</Filter>
    </ClInclude>
    <ClInclude Include="ShadowMap.h">
      <Filter>ソース ファイル</Filter>
    </ClInclude>
    <ClInclude Include="trackingEnemy.h">
      <Filter>ソース ファイル\Enemy</Filter>
    </ClInclude>
    <ClInclude Include="SoundEngine.h">
      <Filter>ソース ファイル\Sound</Filter>
    </ClInclude>
    <ClInclude Include="SpringCamera.h">
      <Filter>ソース ファイル\Camera</Filter>
    </ClInclude>
    <ClInclude Include="Sea.h">
      <Filter>ソース ファイル\Map\Sea</Filter>
    </ClInclude>
  </ItemGroup>
  <ItemGroup>
    <ResourceCompile Include="game.rc">
      <Filter>リソース ファイル</Filter>
    </ResourceCompile>
  </ItemGroup>
  <ItemGroup>
    <None Include="game.aps" />
  </ItemGroup>
</Project>