
Microsoft Visual Studio Solution File, Format Version 12.00
# Visual Studio 2015
Project("{FAE04EC0-301F-11D3-BF4B-00C04F79EFBC}") = "tkTools.CSharp", "tkTools.CSharp.csproj", "{629630B3-05DD-C862-6B28-1DA7B3879657}"
EndProject
Project("{FAE04EC0-301F-11D3-BF4B-00C04F79EFBC}") = "tkTools.CSharp.Editor", "tkTools.CSharp.Editor.csproj", "{99FEA39E-F1F7-000B-CB3A-638943735CBF}"
EndProject
Global
	GlobalSection(SolutionConfigurationPlatforms) = preSolution
		Debug|Any CPU = Debug|Any CPU
		Release|Any CPU = Release|Any CPU
	EndGlobalSection
	GlobalSection(ProjectConfigurationPlatforms) = postSolution
		{629630B3-05DD-C862-6B28-1DA7B3879657}.Debug|Any CPU.ActiveCfg = Debug|Any CPU
		{629630B3-05DD-C862-6B28-1DA7B3879657}.Debug|Any CPU.Build.0 = Debug|Any CPU
		{629630B3-05DD-C862-6B28-1DA7B3879657}.Release|Any CPU.ActiveCfg = Release|Any CPU
		{629630B3-05DD-C862-6B28-1DA7B3879657}.Release|Any CPU.Build.0 = Release|Any CPU
		{99FEA39E-F1F7-000B-CB3A-638943735CBF}.Debug|Any CPU.ActiveCfg = Debug|Any CPU
		{99FEA39E-F1F7-000B-CB3A-638943735CBF}.Debug|Any CPU.Build.0 = Debug|Any CPU
		{99FEA39E-F1F7-000B-CB3A-638943735CBF}.Release|Any CPU.ActiveCfg = Release|Any CPU
		{99FEA39E-F1F7-000B-CB3A-638943735CBF}.Release|Any CPU.Build.0 = Release|Any CPU
	EndGlobalSection
	GlobalSection(SolutionProperties) = preSolution
		HideSolutionNode = FALSE
	EndGlobalSection
EndGlobal
